
Microsoft Visual Studio Solution File, Format Version 12.00
# Visual Studio Version 16
VisualStudioVersion = 16.0.30717.126
MinimumVisualStudioVersion = 10.0.40219.1
Project("{9A19103F-16F7-4668-BE54-9A1E7A4F7556}") = "NetCoreHealthCheckSample", "NetCoreHealthCheckSample\NetCoreHealthCheckSample.csproj", "{6D873C6B-76C1-4A1C-9399-71FBF56B6BE8}"
EndProject
Project("{FAE04EC0-301F-11D3-BF4B-00C04F79EFBC}") = "ProductSampleApi", "ProductSampleApi\ProductSampleApi.csproj", "{DF7FC0F2-BE47-4227-98B2-1D9C098DD0C6}"
EndProject
Global
	GlobalSection(SolutionConfigurationPlatforms) = preSolution
		Debug|Any CPU = Debug|Any CPU
		Release|Any CPU = Release|Any CPU
	EndGlobalSection
	GlobalSection(ProjectConfigurationPlatforms) = postSolution
		{6D873C6B-76C1-4A1C-9399-71FBF56B6BE8}.Debug|Any CPU.ActiveCfg = Debug|Any CPU
		{6D873C6B-76C1-4A1C-9399-71FBF56B6BE8}.Debug|Any CPU.Build.0 = Debug|Any CPU
		{6D873C6B-76C1-4A1C-9399-71FBF56B6BE8}.Release|Any CPU.ActiveCfg = Release|Any CPU
		{6D873C6B-76C1-4A1C-9399-71FBF56B6BE8}.Release|Any CPU.Build.0 = Release|Any CPU
		{DF7FC0F2-BE47-4227-98B2-1D9C098DD0C6}.Debug|Any CPU.ActiveCfg = Debug|Any CPU
		{DF7FC0F2-BE47-4227-98B2-1D9C098DD0C6}.Debug|Any CPU.Build.0 = Debug|Any CPU
		{DF7FC0F2-BE47-4227-98B2-1D9C098DD0C6}.Release|Any CPU.ActiveCfg = Release|Any CPU
		{DF7FC0F2-BE47-4227-98B2-1D9C098DD0C6}.Release|Any CPU.Build.0 = Release|Any CPU
	EndGlobalSection
	GlobalSection(SolutionProperties) = preSolution
		HideSolutionNode = FALSE
	EndGlobalSection
	GlobalSection(ExtensibilityGlobals) = postSolution
		SolutionGuid = {34C247D4-88B0-454B-A01F-ED2059ADB4ED}
	EndGlobalSection
EndGlobal
